
Microsoft Visual Studio Solution File, Format Version 12.00
# Visual Studio 15
VisualStudioVersion = 15.0.26124.0
MinimumVisualStudioVersion = 15.0.26124.0
Project("{FAE04EC0-301F-11D3-BF4B-00C04F79EFBC}") = "API", "API\API.csproj", "{0CD1A3B2-1C25-4951-8BD4-40F635040913}"
EndProject
Project("{FAE04EC0-301F-11D3-BF4B-00C04F79EFBC}") = "Core", "Core\Core.csproj", "{43C928BE-D1F4-48DA-8A2D-952BE3E93C10}"
EndProject
Project("{FAE04EC0-301F-11D3-BF4B-00C04F79EFBC}") = "Infrastructure", "Infrastructure\Infrastructure.csproj", "{6DE2C644-6A43-4022-8565-3143C9048164}"
EndProject
Global
	GlobalSection(SolutionConfigurationPlatforms) = preSolution
		Debug|Any CPU = Debug|Any CPU
		Debug|x64 = Debug|x64
		Debug|x86 = Debug|x86
		Release|Any CPU = Release|Any CPU
		Release|x64 = Release|x64
		Release|x86 = Release|x86
	EndGlobalSection
	GlobalSection(SolutionProperties) = preSolution
		HideSolutionNode = FALSE
	EndGlobalSection
	GlobalSection(ProjectConfigurationPlatforms) = postSolution
		{0CD1A3B2-1C25-4951-8BD4-40F635040913}.Debug|Any CPU.ActiveCfg = Debug|Any CPU
		{0CD1A3B2-1C25-4951-8BD4-40F635040913}.Debug|Any CPU.Build.0 = Debug|Any CPU
		{0CD1A3B2-1C25-4951-8BD4-40F635040913}.Debug|x64.ActiveCfg = Debug|Any CPU
		{0CD1A3B2-1C25-4951-8BD4-40F635040913}.Debug|x64.Build.0 = Debug|Any CPU
		{0CD1A3B2-1C25-4951-8BD4-40F635040913}.Debug|x86.ActiveCfg = Debug|Any CPU
		{0CD1A3B2-1C25-4951-8BD4-40F635040913}.Debug|x86.Build.0 = Debug|Any CPU
		{0CD1A3B2-1C25-4951-8BD4-40F635040913}.Release|Any CPU.ActiveCfg = Release|Any CPU
		{0CD1A3B2-1C25-4951-8BD4-40F635040913}.Release|Any CPU.Build.0 = Release|Any CPU
		{0CD1A3B2-1C25-4951-8BD4-40F635040913}.Release|x64.ActiveCfg = Release|Any CPU
		{0CD1A3B2-1C25-4951-8BD4-40F635040913}.Release|x64.Build.0 = Release|Any CPU
		{0CD1A3B2-1C25-4951-8BD4-40F635040913}.Release|x86.ActiveCfg = Release|Any CPU
		{0CD1A3B2-1C25-4951-8BD4-40F635040913}.Release|x86.Build.0 = Release|Any CPU
		{43C928BE-D1F4-48DA-8A2D-952BE3E93C10}.Debug|Any CPU.ActiveCfg = Debug|Any CPU
		{43C928BE-D1F4-48DA-8A2D-952BE3E93C10}.Debug|Any CPU.Build.0 = Debug|Any CPU
		{43C928BE-D1F4-48DA-8A2D-952BE3E93C10}.Debug|x64.ActiveCfg = Debug|Any CPU
		{43C928BE-D1F4-48DA-8A2D-952BE3E93C10}.Debug|x64.Build.0 = Debug|Any CPU
		{43C928BE-D1F4-48DA-8A2D-952BE3E93C10}.Debug|x86.ActiveCfg = Debug|Any CPU
		{43C928BE-D1F4-48DA-8A2D-952BE3E93C10}.Debug|x86.Build.0 = Debug|Any CPU
		{43C928BE-D1F4-48DA-8A2D-952BE3E93C10}.Release|Any CPU.ActiveCfg = Release|Any CPU
		{43C928BE-D1F4-48DA-8A2D-952BE3E93C10}.Release|Any CPU.Build.0 = Release|Any CPU
		{43C928BE-D1F4-48DA-8A2D-952BE3E93C10}.Release|x64.ActiveCfg = Release|Any CPU
		{43C928BE-D1F4-48DA-8A2D-952BE3E93C10}.Release|x64.Build.0 = Release|Any CPU
		{43C928BE-D1F4-48DA-8A2D-952BE3E93C10}.Release|x86.ActiveCfg = Release|Any CPU
		{43C928BE-D1F4-48DA-8A2D-952BE3E93C10}.Release|x86.Build.0 = Release|Any CPU
		{6DE2C644-6A43-4022-8565-3143C9048164}.Debug|Any CPU.ActiveCfg = Debug|Any CPU
		{6DE2C644-6A43-4022-8565-3143C9048164}.Debug|Any CPU.Build.0 = Debug|Any CPU
		{6DE2C644-6A43-4022-8565-3143C9048164}.Debug|x64.ActiveCfg = Debug|Any CPU
		{6DE2C644-6A43-4022-8565-3143C9048164}.Debug|x64.Build.0 = Debug|Any CPU
		{6DE2C644-6A43-4022-8565-3143C9048164}.Debug|x86.ActiveCfg = Debug|Any CPU
		{6DE2C644-6A43-4022-8565-3143C9048164}.Debug|x86.Build.0 = Debug|Any CPU
		{6DE2C644-6A43-4022-8565-3143C9048164}.Release|Any CPU.ActiveCfg = Release|Any CPU
		{6DE2C644-6A43-4022-8565-3143C9048164}.Release|Any CPU.Build.0 = Release|Any CPU
		{6DE2C644-6A43-4022-8565-3143C9048164}.Release|x64.ActiveCfg = Release|Any CPU
		{6DE2C644-6A43-4022-8565-3143C9048164}.Release|x64.Build.0 = Release|Any CPU
		{6DE2C644-6A43-4022-8565-3143C9048164}.Release|x86.ActiveCfg = Release|Any CPU
		{6DE2C644-6A43-4022-8565-3143C9048164}.Release|x86.Build.0 = Release|Any CPU
	EndGlobalSection
EndGlobal
